
Microsoft Visual Studio Solution File, Format Version 12.00
# Visual Studio Version 17
VisualStudioVersion = 17.4.33205.214
MinimumVisualStudioVersion = 10.0.40219.1
Project("{9A19103F-16F7-4668-BE54-9A1E7A4F7556}") = "RealtimeRating.Api", "RealtimeRating.Api\RealtimeRating.Api.csproj", "{EA588F50-C671-4C02-86BC-E1CC52E6FBED}"
EndProject
Project("{9A19103F-16F7-4668-BE54-9A1E7A4F7556}") = "RealtimeRating.Domain", "RealtimeRating.Domain\RealtimeRating.Domain.csproj", "{22332080-2836-4157-B37A-366E6B612B41}"
EndProject
Project("{9A19103F-16F7-4668-BE54-9A1E7A4F7556}") = "RealtimeRating.Infrastructure", "RealtimeRating.Infrastructure\RealtimeRating.Infrastructure.csproj", "{017656B2-1AC1-4490-ACBA-FF36603D8597}"
EndProject
Project("{9A19103F-16F7-4668-BE54-9A1E7A4F7556}") = "RealtimeRating.Application", "RealtimeRating.Application\RealtimeRating.Application.csproj", "{B6731787-E5BF-4327-B864-D2C531EC753E}"
EndProject
Global
	GlobalSection(SolutionConfigurationPlatforms) = preSolution
		Debug|Any CPU = Debug|Any CPU
		Release|Any CPU = Release|Any CPU
	EndGlobalSection
	GlobalSection(ProjectConfigurationPlatforms) = postSolution
		{EA588F50-C671-4C02-86BC-E1CC52E6FBED}.Debug|Any CPU.ActiveCfg = Debug|Any CPU
		{EA588F50-C671-4C02-86BC-E1CC52E6FBED}.Debug|Any CPU.Build.0 = Debug|Any CPU
		{EA588F50-C671-4C02-86BC-E1CC52E6FBED}.Release|Any CPU.ActiveCfg = Release|Any CPU
		{EA588F50-C671-4C02-86BC-E1CC52E6FBED}.Release|Any CPU.Build.0 = Release|Any CPU
		{22332080-2836-4157-B37A-366E6B612B41}.Debug|Any CPU.ActiveCfg = Debug|Any CPU
		{22332080-2836-4157-B37A-366E6B612B41}.Debug|Any CPU.Build.0 = Debug|Any CPU
		{22332080-2836-4157-B37A-366E6B612B41}.Release|Any CPU.ActiveCfg = Release|Any CPU
		{22332080-2836-4157-B37A-366E6B612B41}.Release|Any CPU.Build.0 = Release|Any CPU
		{017656B2-1AC1-4490-ACBA-FF36603D8597}.Debug|Any CPU.ActiveCfg = Debug|Any CPU
		{017656B2-1AC1-4490-ACBA-FF36603D8597}.Debug|Any CPU.Build.0 = Debug|Any CPU
		{017656B2-1AC1-4490-ACBA-FF36603D8597}.Release|Any CPU.ActiveCfg = Release|Any CPU
		{017656B2-1AC1-4490-ACBA-FF36603D8597}.Release|Any CPU.Build.0 = Release|Any CPU
		{B6731787-E5BF-4327-B864-D2C531EC753E}.Debug|Any CPU.ActiveCfg = Debug|Any CPU
		{B6731787-E5BF-4327-B864-D2C531EC753E}.Debug|Any CPU.Build.0 = Debug|Any CPU
		{B6731787-E5BF-4327-B864-D2C531EC753E}.Release|Any CPU.ActiveCfg = Release|Any CPU
		{B6731787-E5BF-4327-B864-D2C531EC753E}.Release|Any CPU.Build.0 = Release|Any CPU
	EndGlobalSection
	GlobalSection(SolutionProperties) = preSolution
		HideSolutionNode = FALSE
	EndGlobalSection
	GlobalSection(ExtensibilityGlobals) = postSolution
		SolutionGuid = {E5CF20BF-90AA-4694-B09E-5E8D509DB2D7}
	EndGlobalSection
EndGlobal
